
Microsoft Visual Studio Solution File, Format Version 12.00
# Visual Studio 15
VisualStudioVersion = 15.0.28010.2050
MinimumVisualStudioVersion = 10.0.40219.1
Project("{FAE04EC0-301F-11D3-BF4B-00C04F79EFBC}") = "Lab08", "Lab08\Lab08.csproj", "{A514E229-C4F3-4119-85B7-00BD1E7574F2}"
EndProject
Global
	GlobalSection(SolutionConfigurationPlatforms) = preSolution
		Debug|Any CPU = Debug|Any CPU
		Release|Any CPU = Release|Any CPU
	EndGlobalSection
	GlobalSection(ProjectConfigurationPlatforms) = postSolution
		{A514E229-C4F3-4119-85B7-00BD1E7574F2}.Debug|Any CPU.ActiveCfg = Debug|Any CPU
		{A514E229-C4F3-4119-85B7-00BD1E7574F2}.Debug|Any CPU.Build.0 = Debug|Any CPU
		{A514E229-C4F3-4119-85B7-00BD1E7574F2}.Release|Any CPU.ActiveCfg = Release|Any CPU
		{A514E229-C4F3-4119-85B7-00BD1E7574F2}.Release|Any CPU.Build.0 = Release|Any CPU
	EndGlobalSection
	GlobalSection(SolutionProperties) = preSolution
		HideSolutionNode = FALSE
	EndGlobalSection
	GlobalSection(ExtensibilityGlobals) = postSolution
		SolutionGuid = {8A49BA22-6EA0-4E5C-86E4-535714BD57FB}
	EndGlobalSection
EndGlobal
